
Microsoft Visual Studio Solution File, Format Version 12.00
# Visual Studio Version 17
VisualStudioVersion = 17.10.35201.131
MinimumVisualStudioVersion = 10.0.40219.1
Project("{9A19103F-16F7-4668-BE54-9A1E7A4F7556}") = "Graduate_Project", "Graduate_Project\Graduate_Project.csproj", "{14659530-971C-419C-AFCC-0C10C99FB48C}"
EndProject
Global
	GlobalSection(SolutionConfigurationPlatforms) = preSolution
		Debug|Any CPU = Debug|Any CPU
		Release|Any CPU = Release|Any CPU
	EndGlobalSection
	GlobalSection(ProjectConfigurationPlatforms) = postSolution
		{14659530-971C-419C-AFCC-0C10C99FB48C}.Debug|Any CPU.ActiveCfg = Debug|Any CPU
		{14659530-971C-419C-AFCC-0C10C99FB48C}.Debug|Any CPU.Build.0 = Debug|Any CPU
		{14659530-971C-419C-AFCC-0C10C99FB48C}.Release|Any CPU.ActiveCfg = Release|Any CPU
		{14659530-971C-419C-AFCC-0C10C99FB48C}.Release|Any CPU.Build.0 = Release|Any CPU
	EndGlobalSection
	GlobalSection(SolutionProperties) = preSolution
		HideSolutionNode = FALSE
	EndGlobalSection
	GlobalSection(ExtensibilityGlobals) = postSolution
		SolutionGuid = {3449D82E-9A90-44B4-BF2F-BC71F75F2B96}
	EndGlobalSection
EndGlobal
